// !$*UTF8*$!
{
	archiveVersion = 1;
	classes = {
	};
	objectVersion = 46;
	objects = {

/* Begin PBXBuildFile section */
		04FC57F31AD634AC003AFA8C /* AppDelegate.swift in Sources */ = {isa = PBXBuildFile; fileRef = 04FC57F21AD634AC003AFA8C /* AppDelegate.swift */; };
		04FC57F51AD634AC003AFA8C /* ViewController.swift in Sources */ = {isa = PBXBuildFile; fileRef = 04FC57F41AD634AC003AFA8C /* ViewController.swift */; };
		04FC57F81AD634AC003AFA8C /* Main.storyboard in Resources */ = {isa = PBXBuildFile; fileRef = 04FC57F61AD634AC003AFA8C /* Main.storyboard */; };
		04FC57FA1AD634AC003AFA8C /* Images.xcassets in Resources */ = {isa = PBXBuildFile; fileRef = 04FC57F91AD634AC003AFA8C /* Images.xcassets */; };
		04FC57FD1AD634AC003AFA8C /* LaunchScreen.xib in Resources */ = {isa = PBXBuildFile; fileRef = 04FC57FB1AD634AC003AFA8C /* LaunchScreen.xib */; };
		04FC58091AD634AC003AFA8C /* tomatoesTests.swift in Sources */ = {isa = PBXBuildFile; fileRef = 04FC58081AD634AC003AFA8C /* tomatoesTests.swift */; };
/* End PBXBuildFile section */

/* Begin PBXContainerItemProxy section */
		04FC58031AD634AC003AFA8C /* PBXContainerItemProxy */ = {
			isa = PBXContainerItemProxy;
			containerPortal = 04FC57E51AD634AC003AFA8C /* Project object */;
			proxyType = 1;
			remoteGlobalIDString = 04FC57EC1AD634AC003AFA8C;
			remoteInfo = tomatoes;
		};
/* End PBXContainerItemProxy section */

/* Begin PBXFileReference section */
		04FC57ED1AD634AC003AFA8C /* tomatoes.app */ = {isa = PBXFileReference; explicitFileType = wrapper.application; includeInIndex = 0; path = tomatoes.app; sourceTree = BUILT_PRODUCTS_DIR; };
		04FC57F11AD634AC003AFA8C /* Info.plist */ = {isa = PBXFileReference; lastKnownFileType = text.plist.xml; path = Info.plist; sourceTree = "<group>"; };
		04FC57F21AD634AC003AFA8C /* AppDelegate.swift */ = {isa = PBXFileReference; lastKnownFileType = sourcecode.swift; path = AppDelegate.swift; sourceTree = "<group>"; };
		04FC57F41AD634AC003AFA8C /* ViewController.swift */ = {isa = PBXFileReference; lastKnownFileType = sourcecode.swift; path = ViewController.swift; sourceTree = "<group>"; };
		04FC57F71AD634AC003AFA8C /* Base */ = {isa = PBXFileReference; lastKnownFileType = file.storyboard; name = Base; path = Base.lproj/Main.storyboard; sourceTree = "<group>"; };
		04FC57F91AD634AC003AFA8C /* Images.xcassets */ = {isa = PBXFileReference; lastKnownFileType = folder.assetcatalog; path = Images.xcassets; sourceTree = "<group>"; };
		04FC57FC1AD634AC003AFA8C /* Base */ = {isa = PBXFileReference; lastKnownFileType = file.xib; name = Base; path = Base.lproj/LaunchScreen.xib; sourceTree = "<group>"; };
		04FC58021AD634AC003AFA8C /* tomatoesTests.xctest */ = {isa = PBXFileReference; explicitFileType = wrapper.cfbundle; includeInIndex = 0; path = tomatoesTests.xctest; sourceTree = BUILT_PRODUCTS_DIR; };
		04FC58071AD634AC003AFA8C /* Info.plist */ = {isa = PBXFileReference; lastKnownFileType = text.plist.xml; path = Info.plist; sourceTree = "<group>"; };
		04FC58081AD634AC003AFA8C /* tomatoesTests.swift */ = {isa = PBXFileReference; lastKnownFileType = sourcecode.swift; path = tomatoesTests.swift; sourceTree = "<group>"; };
/* End PBXFileReference section */

/* Begin PBXFrameworksBuildPhase section */
		04FC57EA1AD634AC003AFA8C /* Frameworks */ = {
			isa = PBXFrameworksBuildPhase;
			buildActionMask = 2147483647;
			files = (
			);
			runOnlyForDeploymentPostprocessing = 0;
		};
		04FC57FF1AD634AC003AFA8C /* Frameworks */ = {
			isa = PBXFrameworksBuildPhase;
			buildActionMask = 2147483647;
			files = (
			);
			runOnlyForDeploymentPostprocessing = 0;
		};
/* End PBXFrameworksBuildPhase section */

/* Begin PBXGroup section */
		04FC57E41AD634AC003AFA8C = {
			isa = PBXGroup;
			children = (
				04FC57EF1AD634AC003AFA8C /* tomatoes */,
				04FC58051AD634AC003AFA8C /* tomatoesTests */,
				04FC57EE1AD634AC003AFA8C /* Products */,
			);
			sourceTree = "<group>";
		};
		04FC57EE1AD634AC003AFA8C /* Products */ = {
			isa = PBXGroup;
			children = (
				04FC57ED1AD634AC003AFA8C /* tomatoes.app */,
				04FC58021AD634AC003AFA8C /* tomatoesTests.xctest */,
			);
			name = Products;
			sourceTree = "<group>";
		};
		04FC57EF1AD634AC003AFA8C /* tomatoes */ = {
			isa = PBXGroup;
			children = (
				04FC57F21AD634AC003AFA8C /* AppDelegate.swift */,
				04FC57F41AD634AC003AFA8C /* ViewController.swift */,
				04FC57F61AD634AC003AFA8C /* Main.storyboard */,
				04FC57F91AD634AC003AFA8C /* Images.xcassets */,
				04FC57FB1AD634AC003AFA8C /* LaunchScreen.xib */,
				04FC57F01AD634AC003AFA8C /* Supporting Files */,
			);
			path = tomatoes;
			sourceTree = "<group>";
		};
		04FC57F01AD634AC003AFA8C /* Supporting Files */ = {
			isa = PBXGroup;
			children = (
				04FC57F11AD634AC003AFA8C /* Info.plist */,
			);
			name = "Supporting Files";
			sourceTree = "<group>";
		};
		04FC58051AD634AC003AFA8C /* tomatoesTests */ = {
			isa = PBXGroup;
			children = (
				04FC58081AD634AC003AFA8C /* tomatoesTests.swift */,
				04FC58061AD634AC003AFA8C /* Supporting Files */,
			);
			path = tomatoesTests;
			sourceTree = "<group>";
		};
		04FC58061AD634AC003AFA8C /* Supporting Files */ = {
			isa = PBXGroup;
			children = (
				04FC58071AD634AC003AFA8C /* Info.plist */,
			);
			name = "Supporting Files";
			sourceTree = "<group>";
		};
/* End PBXGroup section */

/* Begin PBXNativeTarget section */
		04FC57EC1AD634AC003AFA8C /* tomatoes */ = {
			isa = PBXNativeTarget;
			buildConfigurationList = 04FC580C1AD634AC003AFA8C /* Build configuration list for PBXNativeTarget "tomatoes" */;
			buildPhases = (
				04FC57E91AD634AC003AFA8C /* Sources */,
				04FC57EA1AD634AC003AFA8C /* Frameworks */,
				04FC57EB1AD634AC003AFA8C /* Resources */,
			);
			buildRules = (
			);
			dependencies = (
			);
			name = tomatoes;
			productName = tomatoes;
			productReference = 04FC57ED1AD634AC003AFA8C /* tomatoes.app */;
			productType = "com.apple.product-type.application";
		};
		04FC58011AD634AC003AFA8C /* tomatoesTests */ = {
			isa = PBXNativeTarget;
			buildConfigurationList = 04FC580F1AD634AC003AFA8C /* Build configuration list for PBXNativeTarget "tomatoesTests" */;
			buildPhases = (
				04FC57FE1AD634AC003AFA8C /* Sources */,
				04FC57FF1AD634AC003AFA8C /* Frameworks */,
				04FC58001AD634AC003AFA8C /* Resources */,
			);
			buildRules = (
			);
			dependencies = (
				04FC58041AD634AC003AFA8C /* PBXTargetDependency */,
			);
			name = tomatoesTests;
			productName = tomatoesTests;
			productReference = 04FC58021AD634AC003AFA8C /* tomatoesTests.xctest */;
			productType = "com.apple.product-type.bundle.unit-test";
		};
/* End PBXNativeTarget section */

/* Begin PBXProject section */
		04FC57E51AD634AC003AFA8C /* Project object */ = {
			isa = PBXProject;
			attributes = {
				LastUpgradeCheck = 0620;
				ORGANIZATIONNAME = "Zheng Wu";
				TargetAttributes = {
					04FC57EC1AD634AC003AFA8C = {
						CreatedOnToolsVersion = 6.2;
					};
					04FC58011AD634AC003AFA8C = {
						CreatedOnToolsVersion = 6.2;
						TestTargetID = 04FC57EC1AD634AC003AFA8C;
					};
				};
			};
			buildConfigurationList = 04FC57E81AD634AC003AFA8C /* Build configuration list for PBXProject "tomatoes" */;
			compatibilityVersion = "Xcode 3.2";
			developmentRegion = English;
			hasScannedForEncodings = 0;
			knownRegions = (
				en,
				Base,
			);
			mainGroup = 04FC57E41AD634AC003AFA8C;
			productRefGroup = 04FC57EE1AD634AC003AFA8C /* Products */;
			projectDirPath = "";
			projectRoot = "";
			targets = (
				04FC57EC1AD634AC003AFA8C /* tomatoes */,
				04FC58011AD634AC003AFA8C /* tomatoesTests */,
			);
		};
/* End PBXProject section */

/* Begin PBXResourcesBuildPhase section */
		04FC57EB1AD634AC003AFA8C /* Resources */ = {
			isa = PBXResourcesBuildPhase;
			buildActionMask = 2147483647;
			files = (
				04FC57F81AD634AC003AFA8C /* Main.storyboard in Resources */,
				04FC57FD1AD634AC003AFA8C /* LaunchScreen.xib in Resources */,
				04FC57FA1AD634AC003AFA8C /* Images.xcassets in Resources */,
			);
			runOnlyForDeploymentPostprocessing = 0;
		};
		04FC58001AD634AC003AFA8C /* Resources */ = {
			isa = PBXResourcesBuildPhase;
			buildActionMask = 2147483647;
			files = (
			);
			runOnlyForDeploymentPostprocessing = 0;
		};
/* End PBXResourcesBuildPhase section */

/* Begin PBXSourcesBuildPhase section */
		04FC57E91AD634AC003AFA8C /* Sources */ = {
			isa = PBXSourcesBuildPhase;
			buildActionMask = 2147483647;
			files = (
				04FC57F51AD634AC003AFA8C /* ViewController.swift in Sources */,
				04FC57F31AD634AC003AFA8C /* AppDelegate.swift in Sources */,
			);
			runOnlyForDeploymentPostprocessing = 0;
		};
		04FC57FE1AD634AC003AFA8C /* Sources */ = {
			isa = PBXSourcesBuildPhase;
			buildActionMask = 2147483647;
			files = (
				04FC58091AD634AC003AFA8C /* tomatoesTests.swift in Sources */,
			);
			runOnlyForDeploymentPostprocessing = 0;
		};
/* End PBXSourcesBuildPhase section */

/* Begin PBXTargetDependency section */
		04FC58041AD634AC003AFA8C /* PBXTargetDependency */ = {
			isa = PBXTargetDependency;
			target = 04FC57EC1AD634AC003AFA8C /* tomatoes */;
			targetProxy = 04FC58031AD634AC003AFA8C /* PBXContainerItemProxy */;
		};
/* End PBXTargetDependency section */

/* Begin PBXVariantGroup section */
		04FC57F61AD634AC003AFA8C /* Main.storyboard */ = {
			isa = PBXVariantGroup;
			children = (
				04FC57F71AD634AC003AFA8C /* Base */,
			);
			name = Main.storyboard;
			sourceTree = "<group>";
		};
		04FC57FB1AD634AC003AFA8C /* LaunchScreen.xib */ = {
			isa = PBXVariantGroup;
			children = (
				04FC57FC1AD634AC003AFA8C /* Base */,
			);
			name = LaunchScreen.xib;
			sourceTree = "<group>";
		};
/* End PBXVariantGroup section */

/* Begin XCBuildConfiguration section */
		04FC580A1AD634AC003AFA8C /* Debug */ = {
			isa = XCBuildConfiguration;
			buildSettings = {
				ALWAYS_SEARCH_USER_PATHS = NO;
				CLANG_CXX_LANGUAGE_STANDARD = "gnu++0x";
				CLANG_CXX_LIBRARY = "libc++";
				CLANG_ENABLE_MODULES = YES;
				CLANG_ENABLE_OBJC_ARC = YES;
				CLANG_WARN_BOOL_CONVERSION = YES;
				CLANG_WARN_CONSTANT_CONVERSION = YES;
				CLANG_WARN_DIRECT_OBJC_ISA_USAGE = YES_ERROR;
				CLANG_WARN_EMPTY_BODY = YES;
				CLANG_WARN_ENUM_CONVERSION = YES;
				CLANG_WARN_INT_CONVERSION = YES;
				CLANG_WARN_OBJC_ROOT_CLASS = YES_ERROR;
				CLANG_WARN_UNREACHABLE_CODE = YES;
				CLANG_WARN__DUPLICATE_METHOD_MATCH = YES;
				"CODE_SIGN_IDENTITY[sdk=iphoneos*]" = "iPhone Developer";
				COPY_PHASE_STRIP = NO;
				ENABLE_STRICT_OBJC_MSGSEND = YES;
				GCC_C_LANGUAGE_STANDARD = gnu99;
				GCC_DYNAMIC_NO_PIC = NO;
				GCC_OPTIMIZATION_LEVEL = 0;
				GCC_PREPROCESSOR_DEFINITIONS = (
					"DEBUG=1",
					"$(inherited)",
				);
				GCC_SYMBOLS_PRIVATE_EXTERN = NO;
				GCC_WARN_64_TO_32_BIT_CONVERSION = YES;
				GCC_WARN_ABOUT_RETURN_TYPE = YES_ERROR;
				GCC_WARN_UNDECLARED_SELECTOR = YES;
				GCC_WARN_UNINITIALIZED_AUTOS = YES_AGGRESSIVE;
				GCC_WARN_UNUSED_FUNCTION = YES;
				GCC_WARN_UNUSED_VARIABLE = YES;
				IPHONEOS_DEPLOYMENT_TARGET = 8.2;
				MTL_ENABLE_DEBUG_INFO = YES;
				ONLY_ACTIVE_ARCH = YES;
				SDKROOT = iphoneos;
				SWIFT_OPTIMIZATION_LEVEL = "-Onone";
			};
			name = Debug;
		};
		04FC580B1AD634AC003AFA8C /* Release */ = {
			isa = XCBuildConfiguration;
			buildSettings = {
				ALWAYS_SEARCH_USER_PATHS = NO;
				CLANG_CXX_LANGUAGE_STANDARD = "gnu++0x";
				CLANG_CXX_LIBRARY = "libc++";
				CLANG_ENABLE_MODULES = YES;
				CLANG_ENABLE_OBJC_ARC = YES;
				CLANG_WARN_BOOL_CONVERSION = YES;
				CLANG_WARN_CONSTANT_CONVERSION = YES;
				CLANG_WARN_DIRECT_OBJC_ISA_USAGE = YES_ERROR;
				CLANG_WARN_EMPTY_BODY = YES;
				CLANG_WARN_ENUM_CONVERSION = YES;
				CLANG_WARN_INT_CONVERSION = YES;
				CLANG_WARN_OBJC_ROOT_CLASS = YES_ERROR;
				CLANG_WARN_UNREACHABLE_CODE = YES;
				CLANG_WARN__DUPLICATE_METHOD_MATCH = YES;
				"CODE_SIGN_IDENTITY[sdk=iphoneos*]" = "iPhone Developer";
				COPY_PHASE_STRIP = NO;
				ENABLE_NS_ASSERTIONS = NO;
				ENABLE_STRICT_OBJC_MSGSEND = YES;
				GCC_C_LANGUAGE_STANDARD = gnu99;
				GCC_WARN_64_TO_32_BIT_CONVERSION = YES;
				GCC_WARN_ABOUT_RETURN_TYPE = YES_ERROR;
				GCC_WARN_UNDECLARED_SELECTOR = YES;
				GCC_WARN_UNINITIALIZED_AUTOS = YES_AGGRESSIVE;
				GCC_WARN_UNUSED_FUNCTION = YES;
				GCC_WARN_UNUSED_VARIABLE = YES;
				IPHONEOS_DEPLOYMENT_TARGET = 8.2;
				MTL_ENABLE_DEBUG_INFO = NO;
				SDKROOT = iphoneos;
				VALIDATE_PRODUCT = YES;
			};
			name = Release;
		};
		04FC580D1AD634AC003AFA8C /* Debug */ = {
			isa = XCBuildConfiguration;
			buildSettings = {
				ASSETCATALOG_COMPILER_APPICON_NAME = AppIcon;
				INFOPLIST_FILE = tomatoes/Info.plist;
				LD_RUNPATH_SEARCH_PATHS = "$(inherited) @executable_path/Frameworks";
				PRODUCT_NAME = "$(TARGET_NAME)";
			};
			name = Debug;
		};
		04FC580E1AD634AC003AFA8C /* Release */ = {
			isa = XCBuildConfiguration;
			buildSettings = {
				ASSETCATALOG_COMPILER_APPICON_NAME = AppIcon;
				INFOPLIST_FILE = tomatoes/Info.plist;
				LD_RUNPATH_SEARCH_PATHS = "$(inherited) @executable_path/Frameworks";
				PRODUCT_NAME = "$(TARGET_NAME)";
			};
			name = Release;
		};
		04FC58101AD634AC003AFA8C /* Debug */ = {
			isa = XCBuildConfiguration;
			buildSettings = {
				BUNDLE_LOADER = "$(TEST_HOST)";
				FRAMEWORK_SEARCH_PATHS = (
					"$(SDKROOT)/Developer/Library/Frameworks",
					"$(inherited)",
				);
				GCC_PREPROCESSOR_DEFINITIONS = (
					"DEBUG=1",
					"$(inherited)",
				);
				INFOPLIST_FILE = tomatoesTests/Info.plist;
				LD_RUNPATH_SEARCH_PATHS = "$(inherited) @executable_path/Frameworks @loader_path/Frameworks";
				PRODUCT_NAME = "$(TARGET_NAME)";
				TEST_HOST = "$(BUILT_PRODUCTS_DIR)/tomatoes.app/tomatoes";
			};
			name = Debug;
		};
		04FC58111AD634AC003AFA8C /* Release */ = {
			isa = XCBuildConfiguration;
			buildSettings = {
				BUNDLE_LOADER = "$(TEST_HOST)";
				FRAMEWORK_SEARCH_PATHS = (
					"$(SDKROOT)/Developer/Library/Frameworks",
					"$(inherited)",
				);
				INFOPLIST_FILE = tomatoesTests/Info.plist;
				LD_RUNPATH_SEARCH_PATHS = "$(inherited) @executable_path/Frameworks @loader_path/Frameworks";
				PRODUCT_NAME = "$(TARGET_NAME)";
				TEST_HOST = "$(BUILT_PRODUCTS_DIR)/tomatoes.app/tomatoes";
			};
			name = Release;
		};
/* End XCBuildConfiguration section */

/* Begin XCConfigurationList section */
		04FC57E81AD634AC003AFA8C /* Build configuration list for PBXProject "tomatoes" */ = {
			isa = XCConfigurationList;
			buildConfigurations = (
				04FC580A1AD634AC003AFA8C /* Debug */,
				04FC580B1AD634AC003AFA8C /* Release */,
			);
			defaultConfigurationIsVisible = 0;
			defaultConfigurationName = Release;
		};
		04FC580C1AD634AC003AFA8C /* Build configuration list for PBXNativeTarget "tomatoes" */ = {
			isa = XCConfigurationList;
			buildConfigurations = (
				04FC580D1AD634AC003AFA8C /* Debug */,
				04FC580E1AD634AC003AFA8C /* Release */,
			);
			defaultConfigurationIsVisible = 0;
		};
		04FC580F1AD634AC003AFA8C /* Build configuration list for PBXNativeTarget "tomatoesTests" */ = {
			isa = XCConfigurationList;
			buildConfigurations = (
				04FC58101AD634AC003AFA8C /* Debug */,
				04FC58111AD634AC003AFA8C /* Release */,
			);
			defaultConfigurationIsVisible = 0;
		};
/* End XCConfigurationList section */
	};
	rootObject = 04FC57E51AD634AC003AFA8C /* Project object */;
}
